
Microsoft Visual Studio Solution File, Format Version 12.00
# Visual Studio 15
Project("{FAE04EC0-301F-11D3-BF4B-00C04F79EFBC}") = "AstarPathfindingProject", "AstarPathfindingProject.csproj", "{C650E7F6-ABA8-FAFE-991C-A67358893D23}"
EndProject
Project("{FAE04EC0-301F-11D3-BF4B-00C04F79EFBC}") = "AstarPathfindingProjectEditor", "AstarPathfindingProjectEditor.csproj", "{6603DBC8-46D8-F2C9-D77E-8361BDD39A8B}"
EndProject
Project("{FAE04EC0-301F-11D3-BF4B-00C04F79EFBC}") = "Assembly-CSharp", "Assembly-CSharp.csproj", "{1D54FE4C-33B1-48E6-BC14-56556D381F4B}"
EndProject
Project("{FAE04EC0-301F-11D3-BF4B-00C04F79EFBC}") = "PackageToolsEditor", "PackageToolsEditor.csproj", "{D9A1E424-81C3-1349-2858-90D65D1548D6}"
EndProject
Global
	GlobalSection(SolutionConfigurationPlatforms) = preSolution
		Debug|Any CPU = Debug|Any CPU
		Release|Any CPU = Release|Any CPU
	EndGlobalSection
	GlobalSection(ProjectConfigurationPlatforms) = postSolution
		{C650E7F6-ABA8-FAFE-991C-A67358893D23}.Debug|Any CPU.ActiveCfg = Debug|Any CPU
		{C650E7F6-ABA8-FAFE-991C-A67358893D23}.Debug|Any CPU.Build.0 = Debug|Any CPU
		{C650E7F6-ABA8-FAFE-991C-A67358893D23}.Release|Any CPU.ActiveCfg = Release|Any CPU
		{C650E7F6-ABA8-FAFE-991C-A67358893D23}.Release|Any CPU.Build.0 = Release|Any CPU
		{6603DBC8-46D8-F2C9-D77E-8361BDD39A8B}.Debug|Any CPU.ActiveCfg = Debug|Any CPU
		{6603DBC8-46D8-F2C9-D77E-8361BDD39A8B}.Debug|Any CPU.Build.0 = Debug|Any CPU
		{6603DBC8-46D8-F2C9-D77E-8361BDD39A8B}.Release|Any CPU.ActiveCfg = Release|Any CPU
		{6603DBC8-46D8-F2C9-D77E-8361BDD39A8B}.Release|Any CPU.Build.0 = Release|Any CPU
		{1D54FE4C-33B1-48E6-BC14-56556D381F4B}.Debug|Any CPU.ActiveCfg = Debug|Any CPU
		{1D54FE4C-33B1-48E6-BC14-56556D381F4B}.Debug|Any CPU.Build.0 = Debug|Any CPU
		{1D54FE4C-33B1-48E6-BC14-56556D381F4B}.Release|Any CPU.ActiveCfg = Release|Any CPU
		{1D54FE4C-33B1-48E6-BC14-56556D381F4B}.Release|Any CPU.Build.0 = Release|Any CPU
		{D9A1E424-81C3-1349-2858-90D65D1548D6}.Debug|Any CPU.ActiveCfg = Debug|Any CPU
		{D9A1E424-81C3-1349-2858-90D65D1548D6}.Debug|Any CPU.Build.0 = Debug|Any CPU
		{D9A1E424-81C3-1349-2858-90D65D1548D6}.Release|Any CPU.ActiveCfg = Release|Any CPU
		{D9A1E424-81C3-1349-2858-90D65D1548D6}.Release|Any CPU.Build.0 = Release|Any CPU
	EndGlobalSection
	GlobalSection(SolutionProperties) = preSolution
		HideSolutionNode = FALSE
	EndGlobalSection
EndGlobal
